
Microsoft Visual Studio Solution File, Format Version 12.00
# Visual Studio Version 16
VisualStudioVersion = 16.0.31702.278
MinimumVisualStudioVersion = 10.0.40219.1
Project("{FAE04EC0-301F-11D3-BF4B-00C04F79EFBC}") = "Mbp.SelfSignedCertification.WCF", "Mbp.SelfSignedCertification.WCF\Mbp.SelfSignedCertification.WCF.csproj", "{DEC938FA-5FBE-4241-86DF-851EE9010265}"
EndProject
Project("{FAE04EC0-301F-11D3-BF4B-00C04F79EFBC}") = "Mbp.SelfSignedCertification", "Mbp.SelfSignedCertification\Mbp.SelfSignedCertification.csproj", "{9E708488-9803-49E0-83A1-3DDD0DB1B97B}"
EndProject
Project("{FAE04EC0-301F-11D3-BF4B-00C04F79EFBC}") = "SelfSignedCertificateCmd", "SelfSignedCertificateCmd\SelfSignedCertificateCmd.csproj", "{1EB08F95-06C8-42FD-88CC-AE210A5422EA}"
EndProject
Global
	GlobalSection(SolutionConfigurationPlatforms) = preSolution
		Debug|Any CPU = Debug|Any CPU
		Release|Any CPU = Release|Any CPU
	EndGlobalSection
	GlobalSection(ProjectConfigurationPlatforms) = postSolution
		{DEC938FA-5FBE-4241-86DF-851EE9010265}.Debug|Any CPU.ActiveCfg = Debug|Any CPU
		{DEC938FA-5FBE-4241-86DF-851EE9010265}.Debug|Any CPU.Build.0 = Debug|Any CPU
		{DEC938FA-5FBE-4241-86DF-851EE9010265}.Release|Any CPU.ActiveCfg = Release|Any CPU
		{DEC938FA-5FBE-4241-86DF-851EE9010265}.Release|Any CPU.Build.0 = Release|Any CPU
		{9E708488-9803-49E0-83A1-3DDD0DB1B97B}.Debug|Any CPU.ActiveCfg = Debug|Any CPU
		{9E708488-9803-49E0-83A1-3DDD0DB1B97B}.Debug|Any CPU.Build.0 = Debug|Any CPU
		{9E708488-9803-49E0-83A1-3DDD0DB1B97B}.Release|Any CPU.ActiveCfg = Release|Any CPU
		{9E708488-9803-49E0-83A1-3DDD0DB1B97B}.Release|Any CPU.Build.0 = Release|Any CPU
		{1EB08F95-06C8-42FD-88CC-AE210A5422EA}.Debug|Any CPU.ActiveCfg = Debug|Any CPU
		{1EB08F95-06C8-42FD-88CC-AE210A5422EA}.Debug|Any CPU.Build.0 = Debug|Any CPU
		{1EB08F95-06C8-42FD-88CC-AE210A5422EA}.Release|Any CPU.ActiveCfg = Release|Any CPU
		{1EB08F95-06C8-42FD-88CC-AE210A5422EA}.Release|Any CPU.Build.0 = Release|Any CPU
	EndGlobalSection
	GlobalSection(SolutionProperties) = preSolution
		HideSolutionNode = FALSE
	EndGlobalSection
	GlobalSection(ExtensibilityGlobals) = postSolution
		SolutionGuid = {02353291-196A-4C6D-AFEE-5B5C34CDBD66}
	EndGlobalSection
EndGlobal
